{
  
"name": "dcabot",
  
"lockfileVersion": 2,
  
"requires": true,
  
"packages": {
  
  
"": {
  
  
  
"dependencies": {
  
  
  
  
"ccxt": "^1.56.29",
  
  
  
  
"fs": "^0.0.1-security",
  
  
  
  
"lodash": "^4.17.21"
  
  
  
}
  
  
},
  
  
"node_modules/ccxt": {
  
  
  
"version": "1.56.29",
  
  
  
"resolved": "https://registry.npmjs.org/ccxt/-/ccxt-1.56.29.tgz",
  
  
  
"integrity": "sha512-Ez5Bei3ztwuvw8diHw1lUcuR6L0rpijROlU+WWu3qivH8+r5HhWwzHUHtNxeOElbd7UqLWsp+MMmSG1+4RiUNg==",
  
  
  
"hasInstallScript": true,
  
  
  
"engines": {
  
  
  
  
"node": ">=10.4.0"
  
  
  
}
  
  
},
  
  
"node_modules/fs": {
  
  
  
"version": "0.0.1-security",
  
  
  
"resolved": "https://registry.npmjs.org/fs/-/fs-0.0.1-security.tgz",
  
  
  
"integrity": "sha1-invTcYa23d84E/I4WLV+yq9eQdQ="
  
  
},
  
  
"node_modules/lodash": {
  
  
  
"version": "4.17.21",
  
  
  
"resolved": "https://registry.npmjs.org/lodash/-/lodash-4.17.21.tgz",
  
  
  
"integrity": "sha512-v2kDEe57lecTulaDIuNTPy3Ry4gLGJ6Z1O3vE1krgXZNrsQ+LFTGHVxVjcXPs17LhbZVGedAJv8XZ1tvj5FvSg=="
  
  
}
  
},
  
"dependencies": {
  
  
"ccxt": {
  
  
  
"version": "1.56.29",
  
  
  
"resolved": "https://registry.npmjs.org/ccxt/-/ccxt-1.56.29.tgz",
  
  
  
"integrity": "sha512-Ez5Bei3ztwuvw8diHw1lUcuR6L0rpijROlU+WWu3qivH8+r5HhWwzHUHtNxeOElbd7UqLWsp+MMmSG1+4RiUNg=="
  
  
},
  
  
"fs": {
  
  
  
"version": "0.0.1-security",
  
  
  
"resolved": "https://registry.npmjs.org/fs/-/fs-0.0.1-security.tgz",
  
  
  
"integrity": "sha1-invTcYa23d84E/I4WLV+yq9eQdQ="
  
  
},
  
  
"lodash": {
  
  
  
"version": "4.17.21",
  
  
  
"resolved": "https://registry.npmjs.org/lodash/-/lodash-4.17.21.tgz",
  
  
  
"integrity": "sha512-v2kDEe57lecTulaDIuNTPy3Ry4gLGJ6Z1O3vE1krgXZNrsQ+LFTGHVxVjcXPs17LhbZVGedAJv8XZ1tvj5FvSg=="
  
  
}
  
}
}
